{
  "name": "G-ComplexStructure",
  "version": "1.0.0",
  "lockfileVersion": 2,
  "requires": true,
  "packages": {
    "": {
      "name": "G-ComplexStructure",
      "version": "1.0.0",
      "license": "ISC",
      "peerDependencies": {
        "gnode-api": "^0.1.1"
      }
    },
    "node_modules/@types/node": {
      "version": "16.11.22",
      "resolved": "https://registry.npmjs.org/@types/node/-/node-16.11.22.tgz",
      "integrity": "sha512-DYNtJWauMQ9RNpesl4aVothr97/tIJM8HbyOXJ0AYT1Z2bEjLHyfjOBPAQQVMLf8h3kSShYfNk8Wnto8B2zHUA==",
      "peer": true
    },
    "node_modules/gnode-api": {
      "version": "0.1.1",
      "resolved": "https://registry.npmjs.org/gnode-api/-/gnode-api-0.1.1.tgz",
      "integrity": "sha512-x1TX7qPJJYu+WGBv8D9aZsfKfITA2dpdzvwJkIW8+z/lnTsUex7zZvcwlkY9y3lyJIe7uSPeqA3xsv4tdeTing==",
      "peer": true,
      "dependencies": {
        "@types/node": "^16.4.13"
      },
      "engines": {
        "node": ">=15.0.0"
      }
    }
  },
  "dependencies": {
    "@types/node": {
      "version": "16.11.22",
      "resolved": "https://registry.npmjs.org/@types/node/-/node-16.11.22.tgz",
      "integrity": "sha512-DYNtJWauMQ9RNpesl4aVothr97/tIJM8HbyOXJ0AYT1Z2bEjLHyfjOBPAQQVMLf8h3kSShYfNk8Wnto8B2zHUA==",
      "peer": true
    },
    "gnode-api": {
      "version": "0.1.1",
      "resolved": "https://registry.npmjs.org/gnode-api/-/gnode-api-0.1.1.tgz",
      "integrity": "sha512-x1TX7qPJJYu+WGBv8D9aZsfKfITA2dpdzvwJkIW8+z/lnTsUex7zZvcwlkY9y3lyJIe7uSPeqA3xsv4tdeTing==",
      "peer": true,
      "requires": {
        "@types/node": "^16.4.13"
      }
    }
  }
}
